{
  "name": "deck_agent",
  "version": "1.0.0",
  "lockfileVersion": 3,
  "requires": true,
  "packages": {
    "": {
      "name": "deck_agent",
      "version": "1.0.0",
      "license": "ISC",
      "dependencies": {
        "osx-temperature-sensor": "^1.0.8",
        "systeminformation": "^5.22.7"
      }
    },
    "node_modules/osx-temperature-sensor": {
      "version": "1.0.8",
      "resolved": "https://registry.npmjs.org/osx-temperature-sensor/-/osx-temperature-sensor-1.0.8.tgz",
      "integrity": "sha512-Gl3b+bn7+oDDnqPa+4v/cg3yg9lnE8ppS7ivL3opBZh4i7h99JNmkm6zWmo0m2a83UUJu+C9D7lGP0OS8IlehA==",
      "hasInstallScript": true,
      "os": [
        "darwin"
      ],
      "engines": {
        "node": ">=4.0.0"
      }
    },
    "node_modules/systeminformation": {
      "version": "5.22.7",
      "resolved": "https://registry.npmjs.org/systeminformation/-/systeminformation-5.22.7.tgz",
      "integrity": "sha512-AWxlP05KeHbpGdgvZkcudJpsmChc2Y5Eo/GvxG/iUA/Aws5LZKHAMSeAo+V+nD+nxWZaxrwpWcnx4SH3oxNL3A==",
      "os": [
        "darwin",
        "linux",
        "win32",
        "freebsd",
        "openbsd",
        "netbsd",
        "sunos",
        "android"
      ],
      "bin": {
        "systeminformation": "lib/cli.js"
      },
      "engines": {
        "node": ">=8.0.0"
      },
      "funding": {
        "type": "Buy me a coffee",
        "url": "https://www.buymeacoffee.com/systeminfo"
      }
    }
  }
}
